
Microsoft Visual Studio Solution File, Format Version 12.00
Project("{F184B08F-C81C-45F6-A57F-5ABD9991F28F}") = "BackgroundRefreshService", "BackgroundRefreshService.vbproj", "{28283153-5A67-4202-83CC-6558964F71B7}"
EndProject
Global
	GlobalSection(SolutionConfigurationPlatforms) = preSolution
		Debug|Any CPU = Debug|Any CPU
		Release|Any CPU = Release|Any CPU
	EndGlobalSection
	GlobalSection(ProjectConfigurationPlatforms) = postSolution
		{28283153-5A67-4202-83CC-6558964F71B7}.Debug|Any CPU.ActiveCfg = Debug|Any CPU
		{28283153-5A67-4202-83CC-6558964F71B7}.Debug|Any CPU.Build.0 = Debug|Any CPU
		{28283153-5A67-4202-83CC-6558964F71B7}.Release|Any CPU.ActiveCfg = Release|Any CPU
		{28283153-5A67-4202-83CC-6558964F71B7}.Release|Any CPU.Build.0 = Release|Any CPU
	EndGlobalSection
EndGlobal
